<?xml version="1.0" encoding="utf-8"?>
<Project ToolsVersion="4.0" xmlns="http://schemas.microsoft.com/developer/msbuild/2003">
  <ItemGroup>
    <Filter Include="Source Files">
      <UniqueIdentifier>{4FC737F1-C7A5-4376-A066-2A32D752A2FF}</UniqueIdentifier>
      <Extensions>cpp;c;cc;cxx;def;odl;idl;hpj;bat;asm;asmx</Extensions>
    </Filter>
    <Filter Include="Header Files">
      <UniqueIdentifier>{93995380-89BD-4b04-88EB-625FBE52EBFB}</UniqueIdentifier>
      <Extensions>h;hh;hpp;hxx;hm;inl;inc;xsd</Extensions>
    </Filter>
    <Filter Include="Resource Files">
      <UniqueIdentifier>{67DA6AB6-F800-4c08-8B7A-83BB121AAD01}</UniqueIdentifier>
      <Extensions>rc;ico;cur;bmp;dlg;rc2;rct;bin;rgs;gif;jpg;jpeg;jpe;resx;tiff;tif;png;wav;mfcribbon-ms</Extensions>
    </Filter>
  </ItemGroup>
  <ItemGroup>
    <ClInclude Include="include\gothreads.h">
      <Filter>Header Files</Filter>
    </ClInclude>
    <ClInclude Include="include\detail\thread_pool.h">
      <Filter>Header Files</Filter>
    </ClInclude>
    <ClInclude Include="include\detail\service_locator.h">
      <Filter>Header Files</Filter>
    </ClInclude>
    <ClInclude Include="include\detail\task.h">
      <Filter>Header Files</Filter>
    </ClInclude>
    <ClInclude Include="include\detail\worker_thread.h">
      <Filter>Header Files</Filter>
    </ClInclude>
    <ClInclude Include="include\detail\task_pool.h">
      <Filter>Header Files</Filter>
    </ClInclude>
    <ClInclude Include="include\detail\scheduler.h">
      <Filter>Header Files</Filter>
    </ClInclude>
    <ClInclude Include="include\detail\stack.h">
      <Filter>Header Files</Filter>
    </ClInclude>
    <ClInclude Include="include\detail\task_data.h">
      <Filter>Header Files</Filter>
    </ClInclude>
    <ClInclude Include="include\detail\x86\registers.h">
      <Filter>Header Files</Filter>
    </ClInclude>
    <ClInclude Include="include\detail\asm\imports.h">
      <Filter>Header Files</Filter>
    </ClInclude>
    <ClInclude Include="dependencies\SRDelegate.hpp">
      <Filter>Header Files</Filter>
    </ClInclude>
    <ClInclude Include="include\detail\message_queue.h">
      <Filter>Header Files</Filter>
    </ClInclude>
    <ClInclude Include="include\detail\unique_ptr_casts.h">
      <Filter>Header Files</Filter>
    </ClInclude>
    <ClInclude Include="include\mutex.h">
      <Filter>Header Files</Filter>
    </ClInclude>
    <ClInclude Include="include\detail\base.h">
      <Filter>Header Files</Filter>
    </ClInclude>
  </ItemGroup>
  <ItemGroup>
    <None Include="src\gothreads.inl">
      <Filter>Header Files</Filter>
    </None>
    <None Include="src\detail\task.inl">
      <Filter>Header Files</Filter>
    </None>
    <None Include="src\detail\stack.inl">
      <Filter>Header Files</Filter>
    </None>
  </ItemGroup>
  <ItemGroup>
    <ClCompile Include="src\detail\thread_pool.cpp">
      <Filter>Source Files</Filter>
    </ClCompile>
    <ClCompile Include="src\detail\service_locator.cpp">
      <Filter>Source Files</Filter>
    </ClCompile>
    <ClCompile Include="src\gothreads.cpp">
      <Filter>Source Files</Filter>
    </ClCompile>
    <ClCompile Include="src\detail\task.cpp">
      <Filter>Source Files</Filter>
    </ClCompile>
    <ClCompile Include="src\detail\scheduler.cpp">
      <Filter>Source Files</Filter>
    </ClCompile>
    <ClCompile Include="src\detail\worker_thread.cpp">
      <Filter>Source Files</Filter>
    </ClCompile>
    <ClCompile Include="src\detail\task_pool.cpp">
      <Filter>Source Files</Filter>
    </ClCompile>
    <ClCompile Include="src\message_queue.cpp">
      <Filter>Source Files</Filter>
    </ClCompile>
    <ClCompile Include="src\mutex.cpp">
      <Filter>Source Files</Filter>
    </ClCompile>
    <ClCompile Include="src\detail\base.cpp">
      <Filter>Source Files</Filter>
    </ClCompile>
  </ItemGroup>
  <ItemGroup>
    <MASM Include="include\detail\asm\x86\get_current_context.asm">
      <Filter>Source Files</Filter>
    </MASM>
    <MASM Include="include\detail\asm\x86\swap_context.asm">
      <Filter>Source Files</Filter>
    </MASM>
  </ItemGroup>
</Project>